{
    "_meta": {
        "hash": {
            "sha256": "c92b8ff7d33dda1335b527cb938ce1e58177c665414d591fe18792e07c9f5f07"
        },
        "pipfile-spec": 6,
        "requires": {
            "python_version": "3.7"
        },
        "sources": [
            {
                "name": "pypi",
                "url": "https://pypi.org/simple",
                "verify_ssl": true
            }
        ]
    },
    "default": {
        "uarm-python-sdk": {
            "path": "C:/Users/mochi/Desktop/uArm-Python-SDK-2.0"
        }
    },
    "develop": {}
}
