{
    "_meta": {
        "hash": {
            "sha256": "c890a0ffd70427c8add282cd54f000ad63dbefb4b8ee5276c9b9c8b5aa97f2f4"
        },
        "pipfile-spec": 6,
        "requires": {
            "python_version": "3.7"
        },
        "sources": [
            {
                "name": "pypi",
                "url": "https://pypi.org/simple",
                "verify_ssl": true
            }
        ]
    },
    "default": {
        "uarm-python-sdk": {
            "path": "./uArm-Python-SDK-2.0"
        }
    },
    "develop": {}
}
